
Microsoft Visual Studio Solution File, Format Version 12.00
# Visual Studio Version 17
VisualStudioVersion = 17.7.34031.279
MinimumVisualStudioVersion = 10.0.40219.1
Project("{8BC9CEB8-8B4A-11D0-8D11-00A0C91BC942}") = "12-04_String_2", "12-04_String_2\12-04_String_2.vcxproj", "{F22328D8-1D61-4B2F-BE87-9AF7A4E7AE62}"
EndProject
Global
	GlobalSection(SolutionConfigurationPlatforms) = preSolution
		Debug|x64 = Debug|x64
		Debug|x86 = Debug|x86
		Release|x64 = Release|x64
		Release|x86 = Release|x86
	EndGlobalSection
	GlobalSection(ProjectConfigurationPlatforms) = postSolution
		{F22328D8-1D61-4B2F-BE87-9AF7A4E7AE62}.Debug|x64.ActiveCfg = Debug|x64
		{F22328D8-1D61-4B2F-BE87-9AF7A4E7AE62}.Debug|x64.Build.0 = Debug|x64
		{F22328D8-1D61-4B2F-BE87-9AF7A4E7AE62}.Debug|x86.ActiveCfg = Debug|Win32
		{F22328D8-1D61-4B2F-BE87-9AF7A4E7AE62}.Debug|x86.Build.0 = Debug|Win32
		{F22328D8-1D61-4B2F-BE87-9AF7A4E7AE62}.Release|x64.ActiveCfg = Release|x64
		{F22328D8-1D61-4B2F-BE87-9AF7A4E7AE62}.Release|x64.Build.0 = Release|x64
		{F22328D8-1D61-4B2F-BE87-9AF7A4E7AE62}.Release|x86.ActiveCfg = Release|Win32
		{F22328D8-1D61-4B2F-BE87-9AF7A4E7AE62}.Release|x86.Build.0 = Release|Win32
	EndGlobalSection
	GlobalSection(SolutionProperties) = preSolution
		HideSolutionNode = FALSE
	EndGlobalSection
	GlobalSection(ExtensibilityGlobals) = postSolution
		SolutionGuid = {29D116AE-CE3A-4D5F-819F-F1EC30D6E615}
	EndGlobalSection
EndGlobal
